<?xml version="1.0" encoding="utf-8"?>
<Project ToolsVersion="4.0" xmlns="http://schemas.microsoft.com/developer/msbuild/2003">
  <ItemGroup>
    <ClCompile Include="Application.cpp" />
    <ClCompile Include="main.cpp" />
    <ClCompile Include="Object.cpp" />
    <ClCompile Include="ObjectFactory.cpp" />
    <ClCompile Include="ComponentTest.cpp" />
    <ClCompile Include="Collision.cpp" />
  </ItemGroup>
  <ItemGroup>
    <ClInclude Include="Application.h" />
    <ClInclude Include="Object.h" />
    <ClInclude Include="ObjectFactory.h" />
    <ClInclude Include="ComponentTest.h" />
    <ClInclude Include="ComponentType.h" />
    <ClInclude Include="..\..\..\..\..\Desktop\GAM200_LASIK\LevelSystem.h" />
    <ClInclude Include="System.h" />
    <ClInclude Include="Component.h" />
    <ClInclude Include="Collision.hpp" />
  </ItemGroup>
  <ItemGroup>
    <Filter Include="math">
      <UniqueIdentifier>{018ad832-6954-4ded-a7fe-56558ebe1b00}</UniqueIdentifier>
    </Filter>
    <Filter Include="graphic">
      <UniqueIdentifier>{54957373-b0c9-4773-9601-61f8ec7042a0}</UniqueIdentifier>
    </Filter>
  </ItemGroup>
</Project>